
Microsoft Visual Studio Solution File, Format Version 12.00
# Visual Studio 15
VisualStudioVersion = 15.0.28307.645
MinimumVisualStudioVersion = 10.0.40219.1
Project("{FAE04EC0-301F-11D3-BF4B-00C04F79EFBC}") = "SpaApp.DAL", "SpaApp.DAL\SpaApp.DAL.csproj", "{81CEFE55-305D-438F-B0CC-A46FFBE46A48}"
EndProject
Project("{FAE04EC0-301F-11D3-BF4B-00C04F79EFBC}") = "SpaApp.Services", "SpaApp.Services\SpaApp.Services.csproj", "{FAB040E6-5ABC-4E5F-BB13-38EC538A3AF8}"
EndProject
Project("{9A19103F-16F7-4668-BE54-9A1E7A4F7556}") = "SpaApp.Web", "SpaApp.Web\SpaApp.Web.csproj", "{A306902F-EADB-4C82-A7A2-C1242F6991DF}"
EndProject
Project("{FAE04EC0-301F-11D3-BF4B-00C04F79EFBC}") = "SpaApp.Domain", "SpaApp.Domain\SpaApp.Domain.csproj", "{E39F5419-E908-46D0-A943-4799DE140A29}"
EndProject
Global
	GlobalSection(SolutionConfigurationPlatforms) = preSolution
		Debug|Any CPU = Debug|Any CPU
		Release|Any CPU = Release|Any CPU
	EndGlobalSection
	GlobalSection(ProjectConfigurationPlatforms) = postSolution
		{81CEFE55-305D-438F-B0CC-A46FFBE46A48}.Debug|Any CPU.ActiveCfg = Debug|Any CPU
		{81CEFE55-305D-438F-B0CC-A46FFBE46A48}.Debug|Any CPU.Build.0 = Debug|Any CPU
		{81CEFE55-305D-438F-B0CC-A46FFBE46A48}.Release|Any CPU.ActiveCfg = Release|Any CPU
		{81CEFE55-305D-438F-B0CC-A46FFBE46A48}.Release|Any CPU.Build.0 = Release|Any CPU
		{FAB040E6-5ABC-4E5F-BB13-38EC538A3AF8}.Debug|Any CPU.ActiveCfg = Debug|Any CPU
		{FAB040E6-5ABC-4E5F-BB13-38EC538A3AF8}.Debug|Any CPU.Build.0 = Debug|Any CPU
		{FAB040E6-5ABC-4E5F-BB13-38EC538A3AF8}.Release|Any CPU.ActiveCfg = Release|Any CPU
		{FAB040E6-5ABC-4E5F-BB13-38EC538A3AF8}.Release|Any CPU.Build.0 = Release|Any CPU
		{A306902F-EADB-4C82-A7A2-C1242F6991DF}.Debug|Any CPU.ActiveCfg = Debug|Any CPU
		{A306902F-EADB-4C82-A7A2-C1242F6991DF}.Debug|Any CPU.Build.0 = Debug|Any CPU
		{A306902F-EADB-4C82-A7A2-C1242F6991DF}.Release|Any CPU.ActiveCfg = Release|Any CPU
		{A306902F-EADB-4C82-A7A2-C1242F6991DF}.Release|Any CPU.Build.0 = Release|Any CPU
		{E39F5419-E908-46D0-A943-4799DE140A29}.Debug|Any CPU.ActiveCfg = Debug|Any CPU
		{E39F5419-E908-46D0-A943-4799DE140A29}.Debug|Any CPU.Build.0 = Debug|Any CPU
		{E39F5419-E908-46D0-A943-4799DE140A29}.Release|Any CPU.ActiveCfg = Release|Any CPU
		{E39F5419-E908-46D0-A943-4799DE140A29}.Release|Any CPU.Build.0 = Release|Any CPU
	EndGlobalSection
	GlobalSection(SolutionProperties) = preSolution
		HideSolutionNode = FALSE
	EndGlobalSection
	GlobalSection(ExtensibilityGlobals) = postSolution
		SolutionGuid = {2B420F51-5286-4EC3-BCCF-A4BA640A9571}
	EndGlobalSection
EndGlobal
